
Microsoft Visual Studio Solution File, Format Version 12.00
# Visual Studio Version 17
VisualStudioVersion = 17.8.34330.188
MinimumVisualStudioVersion = 10.0.40219.1
Project("{FAE04EC0-301F-11D3-BF4B-00C04F79EFBC}") = "DotNetCoreMvcCrud.Web", "DotNetCoreMvcCrud.Web\DotNetCoreMvcCrud.Web.csproj", "{7A0131A5-15A9-4A21-B5B1-A91FB55F5E92}"
EndProject
Project("{FAE04EC0-301F-11D3-BF4B-00C04F79EFBC}") = "DotNetCoreMvcCrud.Data", "DotNetCoreMvcCrud.Data\DotNetCoreMvcCrud.Data.csproj", "{BD3131F0-2233-4CBD-A2CC-842F72FA44D4}"
EndProject
Global
	GlobalSection(SolutionConfigurationPlatforms) = preSolution
		Debug|Any CPU = Debug|Any CPU
		Release|Any CPU = Release|Any CPU
	EndGlobalSection
	GlobalSection(ProjectConfigurationPlatforms) = postSolution
		{7A0131A5-15A9-4A21-B5B1-A91FB55F5E92}.Debug|Any CPU.ActiveCfg = Debug|Any CPU
		{7A0131A5-15A9-4A21-B5B1-A91FB55F5E92}.Debug|Any CPU.Build.0 = Debug|Any CPU
		{7A0131A5-15A9-4A21-B5B1-A91FB55F5E92}.Release|Any CPU.ActiveCfg = Release|Any CPU
		{7A0131A5-15A9-4A21-B5B1-A91FB55F5E92}.Release|Any CPU.Build.0 = Release|Any CPU
		{BD3131F0-2233-4CBD-A2CC-842F72FA44D4}.Debug|Any CPU.ActiveCfg = Debug|Any CPU
		{BD3131F0-2233-4CBD-A2CC-842F72FA44D4}.Debug|Any CPU.Build.0 = Debug|Any CPU
		{BD3131F0-2233-4CBD-A2CC-842F72FA44D4}.Release|Any CPU.ActiveCfg = Release|Any CPU
		{BD3131F0-2233-4CBD-A2CC-842F72FA44D4}.Release|Any CPU.Build.0 = Release|Any CPU
	EndGlobalSection
	GlobalSection(SolutionProperties) = preSolution
		HideSolutionNode = FALSE
	EndGlobalSection
	GlobalSection(ExtensibilityGlobals) = postSolution
		SolutionGuid = {A608E812-13A6-4A44-A11A-4D042D5B9488}
	EndGlobalSection
EndGlobal
